// !$*UTF8*$!
{
	archiveVersion = 1;
	classes = {
	};
	objectVersion = 46;
	objects = {

/* Begin PBXBuildFile section */
		8F0A161A1AC9200C004EB323 /* FBSDKCoreKit.framework in Frameworks */ = {isa = PBXBuildFile; fileRef = 8F0A16171AC9200C004EB323 /* FBSDKCoreKit.framework */; };
		8F0A161B1AC9200C004EB323 /* FBSDKLoginKit.framework in Frameworks */ = {isa = PBXBuildFile; fileRef = 8F0A16181AC9200C004EB323 /* FBSDKLoginKit.framework */; };
		8F0A161C1AC9200C004EB323 /* FBSDKShareKit.framework in Frameworks */ = {isa = PBXBuildFile; fileRef = 8F0A16191AC9200C004EB323 /* FBSDKShareKit.framework */; };
		8F0A16291AC92902004EB323 /* cerrar-btn.png in Resources */ = {isa = PBXBuildFile; fileRef = 8F0A161E1AC92902004EB323 /* cerrar-btn.png */; };
		8F0A162A1AC92902004EB323 /* favorito-btn.png in Resources */ = {isa = PBXBuildFile; fileRef = 8F0A161F1AC92902004EB323 /* favorito-btn.png */; };
		8F0A162B1AC92902004EB323 /* nombre-btn.png in Resources */ = {isa = PBXBuildFile; fileRef = 8F0A16201AC92902004EB323 /* nombre-btn.png */; };
		8F0A162C1AC92902004EB323 /* user-btn.png in Resources */ = {isa = PBXBuildFile; fileRef = 8F0A16211AC92902004EB323 /* user-btn.png */; };
		8F0A162D1AC92902004EB323 /* fav-btn.png in Resources */ = {isa = PBXBuildFile; fileRef = 8F0A16221AC92902004EB323 /* fav-btn.png */; };
		8F0A162E1AC92902004EB323 /* mas-btn.png in Resources */ = {isa = PBXBuildFile; fileRef = 8F0A16231AC92902004EB323 /* mas-btn.png */; };
		8F0A162F1AC92902004EB323 /* list-btn.png in Resources */ = {isa = PBXBuildFile; fileRef = 8F0A16241AC92902004EB323 /* list-btn.png */; };
		8F0A16301AC92902004EB323 /* mensaje-btn.png in Resources */ = {isa = PBXBuildFile; fileRef = 8F0A16251AC92902004EB323 /* mensaje-btn.png */; };
		8F0A16311AC92902004EB323 /* busqueda-btn.png in Resources */ = {isa = PBXBuildFile; fileRef = 8F0A16261AC92902004EB323 /* busqueda-btn.png */; };
		8F0A16321AC92902004EB323 /* pet-btn.png in Resources */ = {isa = PBXBuildFile; fileRef = 8F0A16271AC92902004EB323 /* pet-btn.png */; };
		8F0A16331AC92902004EB323 /* marker-btn.png in Resources */ = {isa = PBXBuildFile; fileRef = 8F0A16281AC92902004EB323 /* marker-btn.png */; };
		8F0A16361AC9296E004EB323 /* busqueda-white-btn.png in Resources */ = {isa = PBXBuildFile; fileRef = 8F0A16341AC9296E004EB323 /* busqueda-white-btn.png */; };
		8F0A16371AC9296E004EB323 /* mas-white-btn.png in Resources */ = {isa = PBXBuildFile; fileRef = 8F0A16351AC9296E004EB323 /* mas-white-btn.png */; };
		8F0A163A1AC936E1004EB323 /* Listado.m in Sources */ = {isa = PBXBuildFile; fileRef = 8F0A16391AC936E1004EB323 /* Listado.m */; };
		8F0A163D1AC93729004EB323 /* Detalle.m in Sources */ = {isa = PBXBuildFile; fileRef = 8F0A163C1AC93729004EB323 /* Detalle.m */; };
		8F0A16401AC9374C004EB323 /* Perfil.m in Sources */ = {isa = PBXBuildFile; fileRef = 8F0A163F1AC9374C004EB323 /* Perfil.m */; };
		8F0A16431AC93764004EB323 /* Mensajes.m in Sources */ = {isa = PBXBuildFile; fileRef = 8F0A16421AC93764004EB323 /* Mensajes.m */; };
		8F0A16461AC945E4004EB323 /* Seleccion.m in Sources */ = {isa = PBXBuildFile; fileRef = 8F0A16451AC945E4004EB323 /* Seleccion.m */; };
		8F34BA8E1ACA5AA000129B5A /* Bolts.framework in Frameworks */ = {isa = PBXBuildFile; fileRef = 8F34BA881ACA5AA000129B5A /* Bolts.framework */; };
		8F34BA8F1ACA5AA000129B5A /* Parse.framework in Frameworks */ = {isa = PBXBuildFile; fileRef = 8F34BA891ACA5AA000129B5A /* Parse.framework */; };
		8F34BA901ACA5AA000129B5A /* ParseCrashReporting.framework in Frameworks */ = {isa = PBXBuildFile; fileRef = 8F34BA8A1ACA5AA000129B5A /* ParseCrashReporting.framework */; };
		8F34BA911ACA5AA000129B5A /* ParseFacebookUtils.framework in Frameworks */ = {isa = PBXBuildFile; fileRef = 8F34BA8B1ACA5AA000129B5A /* ParseFacebookUtils.framework */; };
		8F34BA921ACA5AA000129B5A /* ParseFacebookUtilsV4.framework in Frameworks */ = {isa = PBXBuildFile; fileRef = 8F34BA8C1ACA5AA000129B5A /* ParseFacebookUtilsV4.framework */; };
		8F34BA931ACA5AA000129B5A /* ParseUI.framework in Frameworks */ = {isa = PBXBuildFile; fileRef = 8F34BA8D1ACA5AA000129B5A /* ParseUI.framework */; };
		8F34BA951ACA5ADE00129B5A /* AudioToolbox.framework in Frameworks */ = {isa = PBXBuildFile; fileRef = 8F34BA941ACA5ADE00129B5A /* AudioToolbox.framework */; };
		8F34BA971ACA5AE800129B5A /* CFNetwork.framework in Frameworks */ = {isa = PBXBuildFile; fileRef = 8F34BA961ACA5AE800129B5A /* CFNetwork.framework */; };
		8F34BA991ACA5AF100129B5A /* CoreGraphics.framework in Frameworks */ = {isa = PBXBuildFile; fileRef = 8F34BA981ACA5AF100129B5A /* CoreGraphics.framework */; };
		8F34BA9B1ACA5AF900129B5A /* CoreLocation.framework in Frameworks */ = {isa = PBXBuildFile; fileRef = 8F34BA9A1ACA5AF900129B5A /* CoreLocation.framework */; };
		8F34BA9D1ACA5B0300129B5A /* MobileCoreServices.framework in Frameworks */ = {isa = PBXBuildFile; fileRef = 8F34BA9C1ACA5B0300129B5A /* MobileCoreServices.framework */; };
		8F34BA9F1ACA5B0A00129B5A /* QuartzCore.framework in Frameworks */ = {isa = PBXBuildFile; fileRef = 8F34BA9E1ACA5B0A00129B5A /* QuartzCore.framework */; };
		8F34BAA11ACA5B1200129B5A /* Security.framework in Frameworks */ = {isa = PBXBuildFile; fileRef = 8F34BAA01ACA5B1200129B5A /* Security.framework */; };
		8F34BAA31ACA5B1700129B5A /* StoreKit.framework in Frameworks */ = {isa = PBXBuildFile; fileRef = 8F34BAA21ACA5B1700129B5A /* StoreKit.framework */; };
		8F34BAA51ACA5B2300129B5A /* SystemConfiguration.framework in Frameworks */ = {isa = PBXBuildFile; fileRef = 8F34BAA41ACA5B2300129B5A /* SystemConfiguration.framework */; };
		8F34BAA71ACA5B2E00129B5A /* libz.dylib in Frameworks */ = {isa = PBXBuildFile; fileRef = 8F34BAA61ACA5B2E00129B5A /* libz.dylib */; };
		8F34BAA91ACA5B3800129B5A /* libsqlite3.dylib in Frameworks */ = {isa = PBXBuildFile; fileRef = 8F34BAA81ACA5B3800129B5A /* libsqlite3.dylib */; };
		8F34BAAC1ACA5F7E00129B5A /* FBMissingSymbols.m in Sources */ = {isa = PBXBuildFile; fileRef = 8F34BAAB1ACA5F7E00129B5A /* FBMissingSymbols.m */; };
		8F544AC31AB040D700835A42 /* main.m in Sources */ = {isa = PBXBuildFile; fileRef = 8F544AC21AB040D700835A42 /* main.m */; };
		8F544AC61AB040D700835A42 /* AppDelegate.m in Sources */ = {isa = PBXBuildFile; fileRef = 8F544AC51AB040D700835A42 /* AppDelegate.m */; };
		8F544AC91AB040D700835A42 /* Home.m in Sources */ = {isa = PBXBuildFile; fileRef = 8F544AC81AB040D700835A42 /* Home.m */; };
		8F544ACC1AB040D700835A42 /* Main.storyboard in Resources */ = {isa = PBXBuildFile; fileRef = 8F544ACA1AB040D700835A42 /* Main.storyboard */; };
		8F544ACE1AB040D700835A42 /* Images.xcassets in Resources */ = {isa = PBXBuildFile; fileRef = 8F544ACD1AB040D700835A42 /* Images.xcassets */; };
		8F544AD11AB040D700835A42 /* LaunchScreen.xib in Resources */ = {isa = PBXBuildFile; fileRef = 8F544ACF1AB040D700835A42 /* LaunchScreen.xib */; };
		8F544ADD1AB040D700835A42 /* petguardTests.m in Sources */ = {isa = PBXBuildFile; fileRef = 8F544ADC1AB040D700835A42 /* petguardTests.m */; };
		8FB20FCC1AC6B03C00728DED /* logo-petguard.png in Resources */ = {isa = PBXBuildFile; fileRef = 8FB20FCB1AC6B03C00728DED /* logo-petguard.png */; };
		8FB20FCE1AC6B0AA00728DED /* bg-inicio2.png in Resources */ = {isa = PBXBuildFile; fileRef = 8FB20FCD1AC6B0AA00728DED /* bg-inicio2.png */; };
		8FB20FD01AC6B0F300728DED /* fb-btn-connect.png in Resources */ = {isa = PBXBuildFile; fileRef = 8FB20FCF1AC6B0F300728DED /* fb-btn-connect.png */; };
		8FCC4D371ACBA5DF0079743A /* NuevoBasica.m in Sources */ = {isa = PBXBuildFile; fileRef = 8FCC4D361ACBA5DF0079743A /* NuevoBasica.m */; };
		8FCC4D3A1ACBA61B0079743A /* NuevoConfirma.m in Sources */ = {isa = PBXBuildFile; fileRef = 8FCC4D391ACBA61B0079743A /* NuevoConfirma.m */; };
		8FCC4D3C1ACBA77F0079743A /* volver-btn.png in Resources */ = {isa = PBXBuildFile; fileRef = 8FCC4D3B1ACBA77F0079743A /* volver-btn.png */; };
		8FCC4D3E1ACBB5D70079743A /* camera.png in Resources */ = {isa = PBXBuildFile; fileRef = 8FCC4D3D1ACBB5D70079743A /* camera.png */; };
		8FCC4D401ACBB6C50079743A /* camera-icon.png in Resources */ = {isa = PBXBuildFile; fileRef = 8FCC4D3F1ACBB6C50079743A /* camera-icon.png */; };
		8FCC4D451ACBE7370079743A /* GoogleMaps.framework in Frameworks */ = {isa = PBXBuildFile; fileRef = 8FCC4D431ACBE7370079743A /* GoogleMaps.framework */; };
		8FCC4D461ACBE7370079743A /* GoogleMaps.bundle in Resources */ = {isa = PBXBuildFile; fileRef = 8FCC4D441ACBE7370079743A /* GoogleMaps.bundle */; };
		8FCC4D481ACBE7690079743A /* AVFoundation.framework in Frameworks */ = {isa = PBXBuildFile; fileRef = 8FCC4D471ACBE7690079743A /* AVFoundation.framework */; };
		8FCC4D4A1ACBE7790079743A /* CoreData.framework in Frameworks */ = {isa = PBXBuildFile; fileRef = 8FCC4D491ACBE7790079743A /* CoreData.framework */; };
		8FCC4D4C1ACBE7910079743A /* CoreText.framework in Frameworks */ = {isa = PBXBuildFile; fileRef = 8FCC4D4B1ACBE7910079743A /* CoreText.framework */; };
		8FCC4D4E1ACBE7A30079743A /* GLKit.framework in Frameworks */ = {isa = PBXBuildFile; fileRef = 8FCC4D4D1ACBE7A30079743A /* GLKit.framework */; };
		8FCC4D501ACBE7AD0079743A /* ImageIO.framework in Frameworks */ = {isa = PBXBuildFile; fileRef = 8FCC4D4F1ACBE7AD0079743A /* ImageIO.framework */; };
		8FCC4D521ACBE7BC0079743A /* libc++.dylib in Frameworks */ = {isa = PBXBuildFile; fileRef = 8FCC4D511ACBE7BC0079743A /* libc++.dylib */; };
		8FCC4D541ACBE7C90079743A /* libicucore.dylib in Frameworks */ = {isa = PBXBuildFile; fileRef = 8FCC4D531ACBE7C90079743A /* libicucore.dylib */; };
		8FCC4D561ACBE7DE0079743A /* OpenGLES.framework in Frameworks */ = {isa = PBXBuildFile; fileRef = 8FCC4D551ACBE7DE0079743A /* OpenGLES.framework */; };
		8FCC4D591ACBE9240079743A /* NuevoMapa.m in Sources */ = {isa = PBXBuildFile; fileRef = 8FCC4D581ACBE9240079743A /* NuevoMapa.m */; };
/* End PBXBuildFile section */

/* Begin PBXContainerItemProxy section */
		8F544AD71AB040D700835A42 /* PBXContainerItemProxy */ = {
			isa = PBXContainerItemProxy;
			containerPortal = 8F544AB51AB040D700835A42 /* Project object */;
			proxyType = 1;
			remoteGlobalIDString = 8F544ABC1AB040D700835A42;
			remoteInfo = petguard;
		};
/* End PBXContainerItemProxy section */

/* Begin PBXFileReference section */
		8F0A16171AC9200C004EB323 /* FBSDKCoreKit.framework */ = {isa = PBXFileReference; lastKnownFileType = wrapper.framework; name = FBSDKCoreKit.framework; path = ../../../FacebookSDK/FBSDKCoreKit.framework; sourceTree = "<group>"; };
		8F0A16181AC9200C004EB323 /* FBSDKLoginKit.framework */ = {isa = PBXFileReference; lastKnownFileType = wrapper.framework; name = FBSDKLoginKit.framework; path = ../../../FacebookSDK/FBSDKLoginKit.framework; sourceTree = "<group>"; };
		8F0A16191AC9200C004EB323 /* FBSDKShareKit.framework */ = {isa = PBXFileReference; lastKnownFileType = wrapper.framework; name = FBSDKShareKit.framework; path = ../../../FacebookSDK/FBSDKShareKit.framework; sourceTree = "<group>"; };
		8F0A161E1AC92902004EB323 /* cerrar-btn.png */ = {isa = PBXFileReference; lastKnownFileType = image.png; path = "cerrar-btn.png"; sourceTree = "<group>"; };
		8F0A161F1AC92902004EB323 /* favorito-btn.png */ = {isa = PBXFileReference; lastKnownFileType = image.png; path = "favorito-btn.png"; sourceTree = "<group>"; };
		8F0A16201AC92902004EB323 /* nombre-btn.png */ = {isa = PBXFileReference; lastKnownFileType = image.png; path = "nombre-btn.png"; sourceTree = "<group>"; };
		8F0A16211AC92902004EB323 /* user-btn.png */ = {isa = PBXFileReference; lastKnownFileType = image.png; path = "user-btn.png"; sourceTree = "<group>"; };
		8F0A16221AC92902004EB323 /* fav-btn.png */ = {isa = PBXFileReference; lastKnownFileType = image.png; path = "fav-btn.png"; sourceTree = "<group>"; };
		8F0A16231AC92902004EB323 /* mas-btn.png */ = {isa = PBXFileReference; lastKnownFileType = image.png; path = "mas-btn.png"; sourceTree = "<group>"; };
		8F0A16241AC92902004EB323 /* list-btn.png */ = {isa = PBXFileReference; lastKnownFileType = image.png; path = "list-btn.png"; sourceTree = "<group>"; };
		8F0A16251AC92902004EB323 /* mensaje-btn.png */ = {isa = PBXFileReference; lastKnownFileType = image.png; path = "mensaje-btn.png"; sourceTree = "<group>"; };
		8F0A16261AC92902004EB323 /* busqueda-btn.png */ = {isa = PBXFileReference; lastKnownFileType = image.png; path = "busqueda-btn.png"; sourceTree = "<group>"; };
		8F0A16271AC92902004EB323 /* pet-btn.png */ = {isa = PBXFileReference; lastKnownFileType = image.png; path = "pet-btn.png"; sourceTree = "<group>"; };
		8F0A16281AC92902004EB323 /* marker-btn.png */ = {isa = PBXFileReference; lastKnownFileType = image.png; path = "marker-btn.png"; sourceTree = "<group>"; };
		8F0A16341AC9296E004EB323 /* busqueda-white-btn.png */ = {isa = PBXFileReference; lastKnownFileType = image.png; path = "busqueda-white-btn.png"; sourceTree = "<group>"; };
		8F0A16351AC9296E004EB323 /* mas-white-btn.png */ = {isa = PBXFileReference; lastKnownFileType = image.png; path = "mas-white-btn.png"; sourceTree = "<group>"; };
		8F0A16381AC936E1004EB323 /* Listado.h */ = {isa = PBXFileReference; fileEncoding = 4; lastKnownFileType = sourcecode.c.h; path = Listado.h; sourceTree = "<group>"; };
		8F0A16391AC936E1004EB323 /* Listado.m */ = {isa = PBXFileReference; fileEncoding = 4; lastKnownFileType = sourcecode.c.objc; path = Listado.m; sourceTree = "<group>"; };
		8F0A163B1AC93729004EB323 /* Detalle.h */ = {isa = PBXFileReference; fileEncoding = 4; lastKnownFileType = sourcecode.c.h; path = Detalle.h; sourceTree = "<group>"; };
		8F0A163C1AC93729004EB323 /* Detalle.m */ = {isa = PBXFileReference; fileEncoding = 4; lastKnownFileType = sourcecode.c.objc; path = Detalle.m; sourceTree = "<group>"; };
		8F0A163E1AC9374C004EB323 /* Perfil.h */ = {isa = PBXFileReference; fileEncoding = 4; lastKnownFileType = sourcecode.c.h; path = Perfil.h; sourceTree = "<group>"; };
		8F0A163F1AC9374C004EB323 /* Perfil.m */ = {isa = PBXFileReference; fileEncoding = 4; lastKnownFileType = sourcecode.c.objc; path = Perfil.m; sourceTree = "<group>"; };
		8F0A16411AC93764004EB323 /* Mensajes.h */ = {isa = PBXFileReference; fileEncoding = 4; lastKnownFileType = sourcecode.c.h; path = Mensajes.h; sourceTree = "<group>"; };
		8F0A16421AC93764004EB323 /* Mensajes.m */ = {isa = PBXFileReference; fileEncoding = 4; lastKnownFileType = sourcecode.c.objc; path = Mensajes.m; sourceTree = "<group>"; };
		8F0A16441AC945E4004EB323 /* Seleccion.h */ = {isa = PBXFileReference; fileEncoding = 4; lastKnownFileType = sourcecode.c.h; path = Seleccion.h; sourceTree = "<group>"; };
		8F0A16451AC945E4004EB323 /* Seleccion.m */ = {isa = PBXFileReference; fileEncoding = 4; lastKnownFileType = sourcecode.c.objc; path = Seleccion.m; sourceTree = "<group>"; };
		8F34BA881ACA5AA000129B5A /* Bolts.framework */ = {isa = PBXFileReference; lastKnownFileType = wrapper.framework; path = Bolts.framework; sourceTree = "<group>"; };
		8F34BA891ACA5AA000129B5A /* Parse.framework */ = {isa = PBXFileReference; lastKnownFileType = wrapper.framework; path = Parse.framework; sourceTree = "<group>"; };
		8F34BA8A1ACA5AA000129B5A /* ParseCrashReporting.framework */ = {isa = PBXFileReference; lastKnownFileType = wrapper.framework; path = ParseCrashReporting.framework; sourceTree = "<group>"; };
		8F34BA8B1ACA5AA000129B5A /* ParseFacebookUtils.framework */ = {isa = PBXFileReference; lastKnownFileType = wrapper.framework; path = ParseFacebookUtils.framework; sourceTree = "<group>"; };
		8F34BA8C1ACA5AA000129B5A /* ParseFacebookUtilsV4.framework */ = {isa = PBXFileReference; lastKnownFileType = wrapper.framework; path = ParseFacebookUtilsV4.framework; sourceTree = "<group>"; };
		8F34BA8D1ACA5AA000129B5A /* ParseUI.framework */ = {isa = PBXFileReference; lastKnownFileType = wrapper.framework; path = ParseUI.framework; sourceTree = "<group>"; };
		8F34BA941ACA5ADE00129B5A /* AudioToolbox.framework */ = {isa = PBXFileReference; lastKnownFileType = wrapper.framework; name = AudioToolbox.framework; path = System/Library/Frameworks/AudioToolbox.framework; sourceTree = SDKROOT; };
		8F34BA961ACA5AE800129B5A /* CFNetwork.framework */ = {isa = PBXFileReference; lastKnownFileType = wrapper.framework; name = CFNetwork.framework; path = System/Library/Frameworks/CFNetwork.framework; sourceTree = SDKROOT; };
		8F34BA981ACA5AF100129B5A /* CoreGraphics.framework */ = {isa = PBXFileReference; lastKnownFileType = wrapper.framework; name = CoreGraphics.framework; path = System/Library/Frameworks/CoreGraphics.framework; sourceTree = SDKROOT; };
		8F34BA9A1ACA5AF900129B5A /* CoreLocation.framework */ = {isa = PBXFileReference; lastKnownFileType = wrapper.framework; name = CoreLocation.framework; path = System/Library/Frameworks/CoreLocation.framework; sourceTree = SDKROOT; };
		8F34BA9C1ACA5B0300129B5A /* MobileCoreServices.framework */ = {isa = PBXFileReference; lastKnownFileType = wrapper.framework; name = MobileCoreServices.framework; path = System/Library/Frameworks/MobileCoreServices.framework; sourceTree = SDKROOT; };
		8F34BA9E1ACA5B0A00129B5A /* QuartzCore.framework */ = {isa = PBXFileReference; lastKnownFileType = wrapper.framework; name = QuartzCore.framework; path = System/Library/Frameworks/QuartzCore.framework; sourceTree = SDKROOT; };
		8F34BAA01ACA5B1200129B5A /* Security.framework */ = {isa = PBXFileReference; lastKnownFileType = wrapper.framework; name = Security.framework; path = System/Library/Frameworks/Security.framework; sourceTree = SDKROOT; };
		8F34BAA21ACA5B1700129B5A /* StoreKit.framework */ = {isa = PBXFileReference; lastKnownFileType = wrapper.framework; name = StoreKit.framework; path = System/Library/Frameworks/StoreKit.framework; sourceTree = SDKROOT; };
		8F34BAA41ACA5B2300129B5A /* SystemConfiguration.framework */ = {isa = PBXFileReference; lastKnownFileType = wrapper.framework; name = SystemConfiguration.framework; path = System/Library/Frameworks/SystemConfiguration.framework; sourceTree = SDKROOT; };
		8F34BAA61ACA5B2E00129B5A /* libz.dylib */ = {isa = PBXFileReference; lastKnownFileType = "compiled.mach-o.dylib"; name = libz.dylib; path = usr/lib/libz.dylib; sourceTree = SDKROOT; };
		8F34BAA81ACA5B3800129B5A /* libsqlite3.dylib */ = {isa = PBXFileReference; lastKnownFileType = "compiled.mach-o.dylib"; name = libsqlite3.dylib; path = usr/lib/libsqlite3.dylib; sourceTree = SDKROOT; };
		8F34BAAA1ACA5F7E00129B5A /* FBMissingSymbols.h */ = {isa = PBXFileReference; fileEncoding = 4; lastKnownFileType = sourcecode.c.h; path = FBMissingSymbols.h; sourceTree = "<group>"; };
		8F34BAAB1ACA5F7E00129B5A /* FBMissingSymbols.m */ = {isa = PBXFileReference; fileEncoding = 4; lastKnownFileType = sourcecode.c.objc; path = FBMissingSymbols.m; sourceTree = "<group>"; };
		8F544ABD1AB040D700835A42 /* petguard.app */ = {isa = PBXFileReference; explicitFileType = wrapper.application; includeInIndex = 0; path = petguard.app; sourceTree = BUILT_PRODUCTS_DIR; };
		8F544AC11AB040D700835A42 /* Info.plist */ = {isa = PBXFileReference; lastKnownFileType = text.plist.xml; path = Info.plist; sourceTree = "<group>"; };
		8F544AC21AB040D700835A42 /* main.m */ = {isa = PBXFileReference; lastKnownFileType = sourcecode.c.objc; path = main.m; sourceTree = "<group>"; };
		8F544AC41AB040D700835A42 /* AppDelegate.h */ = {isa = PBXFileReference; lastKnownFileType = sourcecode.c.h; path = AppDelegate.h; sourceTree = "<group>"; };
		8F544AC51AB040D700835A42 /* AppDelegate.m */ = {isa = PBXFileReference; lastKnownFileType = sourcecode.c.objc; path = AppDelegate.m; sourceTree = "<group>"; };
		8F544AC71AB040D700835A42 /* Home.h */ = {isa = PBXFileReference; lastKnownFileType = sourcecode.c.h; path = Home.h; sourceTree = "<group>"; };
		8F544AC81AB040D700835A42 /* Home.m */ = {isa = PBXFileReference; lastKnownFileType = sourcecode.c.objc; path = Home.m; sourceTree = "<group>"; };
		8F544ACB1AB040D700835A42 /* Base */ = {isa = PBXFileReference; lastKnownFileType = file.storyboard; name = Base; path = Base.lproj/Main.storyboard; sourceTree = "<group>"; };
		8F544ACD1AB040D700835A42 /* Images.xcassets */ = {isa = PBXFileReference; lastKnownFileType = folder.assetcatalog; path = Images.xcassets; sourceTree = "<group>"; };
		8F544AD01AB040D700835A42 /* Base */ = {isa = PBXFileReference; lastKnownFileType = file.xib; name = Base; path = Base.lproj/LaunchScreen.xib; sourceTree = "<group>"; };
		8F544AD61AB040D700835A42 /* petguardTests.xctest */ = {isa = PBXFileReference; explicitFileType = wrapper.cfbundle; includeInIndex = 0; path = petguardTests.xctest; sourceTree = BUILT_PRODUCTS_DIR; };
		8F544ADB1AB040D700835A42 /* Info.plist */ = {isa = PBXFileReference; lastKnownFileType = text.plist.xml; path = Info.plist; sourceTree = "<group>"; };
		8F544ADC1AB040D700835A42 /* petguardTests.m */ = {isa = PBXFileReference; lastKnownFileType = sourcecode.c.objc; path = petguardTests.m; sourceTree = "<group>"; };
		8FB20FCB1AC6B03C00728DED /* logo-petguard.png */ = {isa = PBXFileReference; lastKnownFileType = image.png; path = "logo-petguard.png"; sourceTree = "<group>"; };
		8FB20FCD1AC6B0AA00728DED /* bg-inicio2.png */ = {isa = PBXFileReference; lastKnownFileType = image.png; path = "bg-inicio2.png"; sourceTree = "<group>"; };
		8FB20FCF1AC6B0F300728DED /* fb-btn-connect.png */ = {isa = PBXFileReference; lastKnownFileType = image.png; path = "fb-btn-connect.png"; sourceTree = "<group>"; };
		8FCC4D351ACBA5DF0079743A /* NuevoBasica.h */ = {isa = PBXFileReference; fileEncoding = 4; lastKnownFileType = sourcecode.c.h; name = NuevoBasica.h; path = ../NuevoBasica.h; sourceTree = "<group>"; };
		8FCC4D361ACBA5DF0079743A /* NuevoBasica.m */ = {isa = PBXFileReference; fileEncoding = 4; lastKnownFileType = sourcecode.c.objc; name = NuevoBasica.m; path = ../NuevoBasica.m; sourceTree = "<group>"; };
		8FCC4D381ACBA61B0079743A /* NuevoConfirma.h */ = {isa = PBXFileReference; fileEncoding = 4; lastKnownFileType = sourcecode.c.h; path = NuevoConfirma.h; sourceTree = "<group>"; };
		8FCC4D391ACBA61B0079743A /* NuevoConfirma.m */ = {isa = PBXFileReference; fileEncoding = 4; lastKnownFileType = sourcecode.c.objc; path = NuevoConfirma.m; sourceTree = "<group>"; };
		8FCC4D3B1ACBA77F0079743A /* volver-btn.png */ = {isa = PBXFileReference; lastKnownFileType = image.png; path = "volver-btn.png"; sourceTree = "<group>"; };
		8FCC4D3D1ACBB5D70079743A /* camera.png */ = {isa = PBXFileReference; lastKnownFileType = image.png; path = camera.png; sourceTree = "<group>"; };
		8FCC4D3F1ACBB6C50079743A /* camera-icon.png */ = {isa = PBXFileReference; lastKnownFileType = image.png; path = "camera-icon.png"; sourceTree = "<group>"; };
		8FCC4D411ACBBDE10079743A /* Globales.h */ = {isa = PBXFileReference; lastKnownFileType = sourcecode.c.h; path = Globales.h; sourceTree = "<group>"; };
		8FCC4D431ACBE7370079743A /* GoogleMaps.framework */ = {isa = PBXFileReference; lastKnownFileType = wrapper.framework; path = GoogleMaps.framework; sourceTree = "<group>"; };
		8FCC4D441ACBE7370079743A /* GoogleMaps.bundle */ = {isa = PBXFileReference; lastKnownFileType = "wrapper.plug-in"; path = GoogleMaps.bundle; sourceTree = "<group>"; };
		8FCC4D471ACBE7690079743A /* AVFoundation.framework */ = {isa = PBXFileReference; lastKnownFileType = wrapper.framework; name = AVFoundation.framework; path = System/Library/Frameworks/AVFoundation.framework; sourceTree = SDKROOT; };
		8FCC4D491ACBE7790079743A /* CoreData.framework */ = {isa = PBXFileReference; lastKnownFileType = wrapper.framework; name = CoreData.framework; path = System/Library/Frameworks/CoreData.framework; sourceTree = SDKROOT; };
		8FCC4D4B1ACBE7910079743A /* CoreText.framework */ = {isa = PBXFileReference; lastKnownFileType = wrapper.framework; name = CoreText.framework; path = System/Library/Frameworks/CoreText.framework; sourceTree = SDKROOT; };
		8FCC4D4D1ACBE7A30079743A /* GLKit.framework */ = {isa = PBXFileReference; lastKnownFileType = wrapper.framework; name = GLKit.framework; path = System/Library/Frameworks/GLKit.framework; sourceTree = SDKROOT; };
		8FCC4D4F1ACBE7AD0079743A /* ImageIO.framework */ = {isa = PBXFileReference; lastKnownFileType = wrapper.framework; name = ImageIO.framework; path = System/Library/Frameworks/ImageIO.framework; sourceTree = SDKROOT; };
		8FCC4D511ACBE7BC0079743A /* libc++.dylib */ = {isa = PBXFileReference; lastKnownFileType = "compiled.mach-o.dylib"; name = "libc++.dylib"; path = "usr/lib/libc++.dylib"; sourceTree = SDKROOT; };
		8FCC4D531ACBE7C90079743A /* libicucore.dylib */ = {isa = PBXFileReference; lastKnownFileType = "compiled.mach-o.dylib"; name = libicucore.dylib; path = usr/lib/libicucore.dylib; sourceTree = SDKROOT; };
		8FCC4D551ACBE7DE0079743A /* OpenGLES.framework */ = {isa = PBXFileReference; lastKnownFileType = wrapper.framework; name = OpenGLES.framework; path = System/Library/Frameworks/OpenGLES.framework; sourceTree = SDKROOT; };
		8FCC4D571ACBE9240079743A /* NuevoMapa.h */ = {isa = PBXFileReference; fileEncoding = 4; lastKnownFileType = sourcecode.c.h; path = NuevoMapa.h; sourceTree = "<group>"; };
		8FCC4D581ACBE9240079743A /* NuevoMapa.m */ = {isa = PBXFileReference; fileEncoding = 4; lastKnownFileType = sourcecode.c.objc; path = NuevoMapa.m; sourceTree = "<group>"; };
/* End PBXFileReference section */

/* Begin PBXFrameworksBuildPhase section */
		8F544ABA1AB040D700835A42 /* Frameworks */ = {
			isa = PBXFrameworksBuildPhase;
			buildActionMask = 2147483647;
			files = (
				8F34BAA51ACA5B2300129B5A /* SystemConfiguration.framework in Frameworks */,
				8FCC4D561ACBE7DE0079743A /* OpenGLES.framework in Frameworks */,
				8F34BAA71ACA5B2E00129B5A /* libz.dylib in Frameworks */,
				8FCC4D541ACBE7C90079743A /* libicucore.dylib in Frameworks */,
				8FCC4D521ACBE7BC0079743A /* libc++.dylib in Frameworks */,
				8FCC4D501ACBE7AD0079743A /* ImageIO.framework in Frameworks */,
				8FCC4D4E1ACBE7A30079743A /* GLKit.framework in Frameworks */,
				8FCC4D4C1ACBE7910079743A /* CoreText.framework in Frameworks */,
				8F34BA9B1ACA5AF900129B5A /* CoreLocation.framework in Frameworks */,
				8FCC4D4A1ACBE7790079743A /* CoreData.framework in Frameworks */,
				8FCC4D481ACBE7690079743A /* AVFoundation.framework in Frameworks */,
				8F34BAA91ACA5B3800129B5A /* libsqlite3.dylib in Frameworks */,
				8F34BAA31ACA5B1700129B5A /* StoreKit.framework in Frameworks */,
				8F34BAA11ACA5B1200129B5A /* Security.framework in Frameworks */,
				8F34BA9F1ACA5B0A00129B5A /* QuartzCore.framework in Frameworks */,
				8F34BA9D1ACA5B0300129B5A /* MobileCoreServices.framework in Frameworks */,
				8F34BA991ACA5AF100129B5A /* CoreGraphics.framework in Frameworks */,
				8F34BA971ACA5AE800129B5A /* CFNetwork.framework in Frameworks */,
				8F34BA951ACA5ADE00129B5A /* AudioToolbox.framework in Frameworks */,
				8F34BA931ACA5AA000129B5A /* ParseUI.framework in Frameworks */,
				8F34BA911ACA5AA000129B5A /* ParseFacebookUtils.framework in Frameworks */,
				8F0A161B1AC9200C004EB323 /* FBSDKLoginKit.framework in Frameworks */,
				8F34BA921ACA5AA000129B5A /* ParseFacebookUtilsV4.framework in Frameworks */,
				8FCC4D451ACBE7370079743A /* GoogleMaps.framework in Frameworks */,
				8F34BA901ACA5AA000129B5A /* ParseCrashReporting.framework in Frameworks */,
				8F0A161A1AC9200C004EB323 /* FBSDKCoreKit.framework in Frameworks */,
				8F0A161C1AC9200C004EB323 /* FBSDKShareKit.framework in Frameworks */,
				8F34BA8E1ACA5AA000129B5A /* Bolts.framework in Frameworks */,
				8F34BA8F1ACA5AA000129B5A /* Parse.framework in Frameworks */,
			);
			runOnlyForDeploymentPostprocessing = 0;
		};
		8F544AD31AB040D700835A42 /* Frameworks */ = {
			isa = PBXFrameworksBuildPhase;
			buildActionMask = 2147483647;
			files = (
			);
			runOnlyForDeploymentPostprocessing = 0;
		};
/* End PBXFrameworksBuildPhase section */

/* Begin PBXGroup section */
		8F0A16151AC91FE5004EB323 /* Frameworks */ = {
			isa = PBXGroup;
			children = (
				8FCC4D551ACBE7DE0079743A /* OpenGLES.framework */,
				8FCC4D531ACBE7C90079743A /* libicucore.dylib */,
				8FCC4D511ACBE7BC0079743A /* libc++.dylib */,
				8FCC4D4F1ACBE7AD0079743A /* ImageIO.framework */,
				8FCC4D4D1ACBE7A30079743A /* GLKit.framework */,
				8FCC4D4B1ACBE7910079743A /* CoreText.framework */,
				8FCC4D491ACBE7790079743A /* CoreData.framework */,
				8FCC4D471ACBE7690079743A /* AVFoundation.framework */,
				8F34BAA81ACA5B3800129B5A /* libsqlite3.dylib */,
				8F34BAA61ACA5B2E00129B5A /* libz.dylib */,
				8F34BAA41ACA5B2300129B5A /* SystemConfiguration.framework */,
				8F34BAA21ACA5B1700129B5A /* StoreKit.framework */,
				8F34BAA01ACA5B1200129B5A /* Security.framework */,
				8F34BA9E1ACA5B0A00129B5A /* QuartzCore.framework */,
				8F34BA9C1ACA5B0300129B5A /* MobileCoreServices.framework */,
				8F34BA9A1ACA5AF900129B5A /* CoreLocation.framework */,
				8F34BA981ACA5AF100129B5A /* CoreGraphics.framework */,
				8F34BA961ACA5AE800129B5A /* CFNetwork.framework */,
				8F34BA941ACA5ADE00129B5A /* AudioToolbox.framework */,
				8FCC4D421ACBE6E10079743A /* GoogleMaps */,
				8F34BA871ACA5A8D00129B5A /* Parse */,
				8F0A16161AC91FEB004EB323 /* Facebook */,
			);
			name = Frameworks;
			sourceTree = "<group>";
		};
		8F0A16161AC91FEB004EB323 /* Facebook */ = {
			isa = PBXGroup;
			children = (
				8F0A16171AC9200C004EB323 /* FBSDKCoreKit.framework */,
				8F0A16181AC9200C004EB323 /* FBSDKLoginKit.framework */,
				8F0A16191AC9200C004EB323 /* FBSDKShareKit.framework */,
			);
			name = Facebook;
			sourceTree = "<group>";
		};
		8F0A161D1AC92680004EB323 /* iconos */ = {
			isa = PBXGroup;
			children = (
				8FCC4D3F1ACBB6C50079743A /* camera-icon.png */,
				8FCC4D3D1ACBB5D70079743A /* camera.png */,
				8FCC4D3B1ACBA77F0079743A /* volver-btn.png */,
				8F0A16341AC9296E004EB323 /* busqueda-white-btn.png */,
				8F0A16351AC9296E004EB323 /* mas-white-btn.png */,
				8F0A161E1AC92902004EB323 /* cerrar-btn.png */,
				8F0A161F1AC92902004EB323 /* favorito-btn.png */,
				8F0A16201AC92902004EB323 /* nombre-btn.png */,
				8F0A16211AC92902004EB323 /* user-btn.png */,
				8F0A16221AC92902004EB323 /* fav-btn.png */,
				8F0A16231AC92902004EB323 /* mas-btn.png */,
				8F0A16241AC92902004EB323 /* list-btn.png */,
				8F0A16251AC92902004EB323 /* mensaje-btn.png */,
				8F0A16261AC92902004EB323 /* busqueda-btn.png */,
				8F0A16271AC92902004EB323 /* pet-btn.png */,
				8F0A16281AC92902004EB323 /* marker-btn.png */,
			);
			name = iconos;
			sourceTree = "<group>";
		};
		8F34BA871ACA5A8D00129B5A /* Parse */ = {
			isa = PBXGroup;
			children = (
				8F34BA881ACA5AA000129B5A /* Bolts.framework */,
				8F34BA891ACA5AA000129B5A /* Parse.framework */,
				8F34BA8A1ACA5AA000129B5A /* ParseCrashReporting.framework */,
				8F34BA8B1ACA5AA000129B5A /* ParseFacebookUtils.framework */,
				8F34BA8C1ACA5AA000129B5A /* ParseFacebookUtilsV4.framework */,
				8F34BA8D1ACA5AA000129B5A /* ParseUI.framework */,
			);
			name = Parse;
			sourceTree = "<group>";
		};
		8F544AB41AB040D700835A42 = {
			isa = PBXGroup;
			children = (
				8F544ABF1AB040D700835A42 /* petguard */,
				8F544AD91AB040D700835A42 /* petguardTests */,
				8F544ABE1AB040D700835A42 /* Products */,
			);
			sourceTree = "<group>";
		};
		8F544ABE1AB040D700835A42 /* Products */ = {
			isa = PBXGroup;
			children = (
				8F544ABD1AB040D700835A42 /* petguard.app */,
				8F544AD61AB040D700835A42 /* petguardTests.xctest */,
			);
			name = Products;
			sourceTree = "<group>";
		};
		8F544ABF1AB040D700835A42 /* petguard */ = {
			isa = PBXGroup;
			children = (
				8F0A16151AC91FE5004EB323 /* Frameworks */,
				8FB20FC81AC6AFB000728DED /* images */,
				8F544AC41AB040D700835A42 /* AppDelegate.h */,
				8F544AC51AB040D700835A42 /* AppDelegate.m */,
				8F544AC71AB040D700835A42 /* Home.h */,
				8F544AC81AB040D700835A42 /* Home.m */,
				8F544ACA1AB040D700835A42 /* Main.storyboard */,
				8F544ACD1AB040D700835A42 /* Images.xcassets */,
				8F544ACF1AB040D700835A42 /* LaunchScreen.xib */,
				8F544AC01AB040D700835A42 /* Supporting Files */,
				8F0A16381AC936E1004EB323 /* Listado.h */,
				8F0A16391AC936E1004EB323 /* Listado.m */,
				8F0A163B1AC93729004EB323 /* Detalle.h */,
				8F0A163C1AC93729004EB323 /* Detalle.m */,
				8F0A163E1AC9374C004EB323 /* Perfil.h */,
				8F0A163F1AC9374C004EB323 /* Perfil.m */,
				8F0A16411AC93764004EB323 /* Mensajes.h */,
				8F0A16421AC93764004EB323 /* Mensajes.m */,
				8F0A16441AC945E4004EB323 /* Seleccion.h */,
				8F0A16451AC945E4004EB323 /* Seleccion.m */,
				8F34BAAA1ACA5F7E00129B5A /* FBMissingSymbols.h */,
				8F34BAAB1ACA5F7E00129B5A /* FBMissingSymbols.m */,
				8FCC4D351ACBA5DF0079743A /* NuevoBasica.h */,
				8FCC4D361ACBA5DF0079743A /* NuevoBasica.m */,
				8FCC4D381ACBA61B0079743A /* NuevoConfirma.h */,
				8FCC4D391ACBA61B0079743A /* NuevoConfirma.m */,
				8FCC4D411ACBBDE10079743A /* Globales.h */,
				8FCC4D571ACBE9240079743A /* NuevoMapa.h */,
				8FCC4D581ACBE9240079743A /* NuevoMapa.m */,
			);
			path = petguard;
			sourceTree = "<group>";
		};
		8F544AC01AB040D700835A42 /* Supporting Files */ = {
			isa = PBXGroup;
			children = (
				8F544AC11AB040D700835A42 /* Info.plist */,
				8F544AC21AB040D700835A42 /* main.m */,
			);
			name = "Supporting Files";
			sourceTree = "<group>";
		};
		8F544AD91AB040D700835A42 /* petguardTests */ = {
			isa = PBXGroup;
			children = (
				8F544ADC1AB040D700835A42 /* petguardTests.m */,
				8F544ADA1AB040D700835A42 /* Supporting Files */,
			);
			path = petguardTests;
			sourceTree = "<group>";
		};
		8F544ADA1AB040D700835A42 /* Supporting Files */ = {
			isa = PBXGroup;
			children = (
				8F544ADB1AB040D700835A42 /* Info.plist */,
			);
			name = "Supporting Files";
			sourceTree = "<group>";
		};
		8FB20FC81AC6AFB000728DED /* images */ = {
			isa = PBXGroup;
			children = (
				8F0A161D1AC92680004EB323 /* iconos */,
				8FB20FCF1AC6B0F300728DED /* fb-btn-connect.png */,
				8FB20FCD1AC6B0AA00728DED /* bg-inicio2.png */,
				8FB20FCB1AC6B03C00728DED /* logo-petguard.png */,
			);
			name = images;
			sourceTree = "<group>";
		};
		8FCC4D421ACBE6E10079743A /* GoogleMaps */ = {
			isa = PBXGroup;
			children = (
				8FCC4D431ACBE7370079743A /* GoogleMaps.framework */,
				8FCC4D441ACBE7370079743A /* GoogleMaps.bundle */,
			);
			name = GoogleMaps;
			sourceTree = "<group>";
		};
/* End PBXGroup section */

/* Begin PBXNativeTarget section */
		8F544ABC1AB040D700835A42 /* petguard */ = {
			isa = PBXNativeTarget;
			buildConfigurationList = 8F544AE01AB040D700835A42 /* Build configuration list for PBXNativeTarget "petguard" */;
			buildPhases = (
				8F544AB91AB040D700835A42 /* Sources */,
				8F544ABA1AB040D700835A42 /* Frameworks */,
				8F544ABB1AB040D700835A42 /* Resources */,
			);
			buildRules = (
			);
			dependencies = (
			);
			name = petguard;
			productName = petguard;
			productReference = 8F544ABD1AB040D700835A42 /* petguard.app */;
			productType = "com.apple.product-type.application";
		};
		8F544AD51AB040D700835A42 /* petguardTests */ = {
			isa = PBXNativeTarget;
			buildConfigurationList = 8F544AE31AB040D700835A42 /* Build configuration list for PBXNativeTarget "petguardTests" */;
			buildPhases = (
				8F544AD21AB040D700835A42 /* Sources */,
				8F544AD31AB040D700835A42 /* Frameworks */,
				8F544AD41AB040D700835A42 /* Resources */,
			);
			buildRules = (
			);
			dependencies = (
				8F544AD81AB040D700835A42 /* PBXTargetDependency */,
			);
			name = petguardTests;
			productName = petguardTests;
			productReference = 8F544AD61AB040D700835A42 /* petguardTests.xctest */;
			productType = "com.apple.product-type.bundle.unit-test";
		};
/* End PBXNativeTarget section */

/* Begin PBXProject section */
		8F544AB51AB040D700835A42 /* Project object */ = {
			isa = PBXProject;
			attributes = {
				LastUpgradeCheck = 0610;
				ORGANIZATIONNAME = TRON;
				TargetAttributes = {
					8F544ABC1AB040D700835A42 = {
						CreatedOnToolsVersion = 6.1.1;
					};
					8F544AD51AB040D700835A42 = {
						CreatedOnToolsVersion = 6.1.1;
						TestTargetID = 8F544ABC1AB040D700835A42;
					};
				};
			};
			buildConfigurationList = 8F544AB81AB040D700835A42 /* Build configuration list for PBXProject "petguard" */;
			compatibilityVersion = "Xcode 3.2";
			developmentRegion = English;
			hasScannedForEncodings = 0;
			knownRegions = (
				en,
				Base,
			);
			mainGroup = 8F544AB41AB040D700835A42;
			productRefGroup = 8F544ABE1AB040D700835A42 /* Products */;
			projectDirPath = "";
			projectRoot = "";
			targets = (
				8F544ABC1AB040D700835A42 /* petguard */,
				8F544AD51AB040D700835A42 /* petguardTests */,
			);
		};
/* End PBXProject section */

/* Begin PBXResourcesBuildPhase section */
		8F544ABB1AB040D700835A42 /* Resources */ = {
			isa = PBXResourcesBuildPhase;
			buildActionMask = 2147483647;
			files = (
				8F544ACC1AB040D700835A42 /* Main.storyboard in Resources */,
				8FCC4D3E1ACBB5D70079743A /* camera.png in Resources */,
				8FCC4D461ACBE7370079743A /* GoogleMaps.bundle in Resources */,
				8F0A162C1AC92902004EB323 /* user-btn.png in Resources */,
				8F0A162D1AC92902004EB323 /* fav-btn.png in Resources */,
				8F0A16291AC92902004EB323 /* cerrar-btn.png in Resources */,
				8F0A162E1AC92902004EB323 /* mas-btn.png in Resources */,
				8F0A16311AC92902004EB323 /* busqueda-btn.png in Resources */,
				8F0A162B1AC92902004EB323 /* nombre-btn.png in Resources */,
				8FB20FD01AC6B0F300728DED /* fb-btn-connect.png in Resources */,
				8FCC4D401ACBB6C50079743A /* camera-icon.png in Resources */,
				8FCC4D3C1ACBA77F0079743A /* volver-btn.png in Resources */,
				8F0A16321AC92902004EB323 /* pet-btn.png in Resources */,
				8F0A16371AC9296E004EB323 /* mas-white-btn.png in Resources */,
				8FB20FCE1AC6B0AA00728DED /* bg-inicio2.png in Resources */,
				8F544AD11AB040D700835A42 /* LaunchScreen.xib in Resources */,
				8F544ACE1AB040D700835A42 /* Images.xcassets in Resources */,
				8F0A16301AC92902004EB323 /* mensaje-btn.png in Resources */,
				8F0A16331AC92902004EB323 /* marker-btn.png in Resources */,
				8F0A16361AC9296E004EB323 /* busqueda-white-btn.png in Resources */,
				8F0A162A1AC92902004EB323 /* favorito-btn.png in Resources */,
				8FB20FCC1AC6B03C00728DED /* logo-petguard.png in Resources */,
				8F0A162F1AC92902004EB323 /* list-btn.png in Resources */,
			);
			runOnlyForDeploymentPostprocessing = 0;
		};
		8F544AD41AB040D700835A42 /* Resources */ = {
			isa = PBXResourcesBuildPhase;
			buildActionMask = 2147483647;
			files = (
			);
			runOnlyForDeploymentPostprocessing = 0;
		};
/* End PBXResourcesBuildPhase section */

/* Begin PBXSourcesBuildPhase section */
		8F544AB91AB040D700835A42 /* Sources */ = {
			isa = PBXSourcesBuildPhase;
			buildActionMask = 2147483647;
			files = (
				8F0A163A1AC936E1004EB323 /* Listado.m in Sources */,
				8F544AC91AB040D700835A42 /* Home.m in Sources */,
				8FCC4D591ACBE9240079743A /* NuevoMapa.m in Sources */,
				8F544AC61AB040D700835A42 /* AppDelegate.m in Sources */,
				8FCC4D3A1ACBA61B0079743A /* NuevoConfirma.m in Sources */,
				8F0A16461AC945E4004EB323 /* Seleccion.m in Sources */,
				8F0A163D1AC93729004EB323 /* Detalle.m in Sources */,
				8F544AC31AB040D700835A42 /* main.m in Sources */,
				8F34BAAC1ACA5F7E00129B5A /* FBMissingSymbols.m in Sources */,
				8F0A16401AC9374C004EB323 /* Perfil.m in Sources */,
				8F0A16431AC93764004EB323 /* Mensajes.m in Sources */,
				8FCC4D371ACBA5DF0079743A /* NuevoBasica.m in Sources */,
			);
			runOnlyForDeploymentPostprocessing = 0;
		};
		8F544AD21AB040D700835A42 /* Sources */ = {
			isa = PBXSourcesBuildPhase;
			buildActionMask = 2147483647;
			files = (
				8F544ADD1AB040D700835A42 /* petguardTests.m in Sources */,
			);
			runOnlyForDeploymentPostprocessing = 0;
		};
/* End PBXSourcesBuildPhase section */

/* Begin PBXTargetDependency section */
		8F544AD81AB040D700835A42 /* PBXTargetDependency */ = {
			isa = PBXTargetDependency;
			target = 8F544ABC1AB040D700835A42 /* petguard */;
			targetProxy = 8F544AD71AB040D700835A42 /* PBXContainerItemProxy */;
		};
/* End PBXTargetDependency section */

/* Begin PBXVariantGroup section */
		8F544ACA1AB040D700835A42 /* Main.storyboard */ = {
			isa = PBXVariantGroup;
			children = (
				8F544ACB1AB040D700835A42 /* Base */,
			);
			name = Main.storyboard;
			sourceTree = "<group>";
		};
		8F544ACF1AB040D700835A42 /* LaunchScreen.xib */ = {
			isa = PBXVariantGroup;
			children = (
				8F544AD01AB040D700835A42 /* Base */,
			);
			name = LaunchScreen.xib;
			sourceTree = "<group>";
		};
/* End PBXVariantGroup section */

/* Begin XCBuildConfiguration section */
		8F544ADE1AB040D700835A42 /* Debug */ = {
			isa = XCBuildConfiguration;
			buildSettings = {
				ALWAYS_SEARCH_USER_PATHS = NO;
				CLANG_CXX_LANGUAGE_STANDARD = "gnu++0x";
				CLANG_CXX_LIBRARY = "libc++";
				CLANG_ENABLE_MODULES = YES;
				CLANG_ENABLE_OBJC_ARC = YES;
				CLANG_WARN_BOOL_CONVERSION = YES;
				CLANG_WARN_CONSTANT_CONVERSION = YES;
				CLANG_WARN_DIRECT_OBJC_ISA_USAGE = YES_ERROR;
				CLANG_WARN_EMPTY_BODY = YES;
				CLANG_WARN_ENUM_CONVERSION = YES;
				CLANG_WARN_INT_CONVERSION = YES;
				CLANG_WARN_OBJC_ROOT_CLASS = YES_ERROR;
				CLANG_WARN_UNREACHABLE_CODE = YES;
				CLANG_WARN__DUPLICATE_METHOD_MATCH = YES;
				"CODE_SIGN_IDENTITY[sdk=iphoneos*]" = "iPhone Developer";
				COPY_PHASE_STRIP = NO;
				ENABLE_STRICT_OBJC_MSGSEND = YES;
				GCC_C_LANGUAGE_STANDARD = gnu99;
				GCC_DYNAMIC_NO_PIC = NO;
				GCC_OPTIMIZATION_LEVEL = 0;
				GCC_PREPROCESSOR_DEFINITIONS = (
					"DEBUG=1",
					"$(inherited)",
				);
				GCC_SYMBOLS_PRIVATE_EXTERN = NO;
				GCC_WARN_64_TO_32_BIT_CONVERSION = YES;
				GCC_WARN_ABOUT_RETURN_TYPE = YES_ERROR;
				GCC_WARN_UNDECLARED_SELECTOR = YES;
				GCC_WARN_UNINITIALIZED_AUTOS = YES_AGGRESSIVE;
				GCC_WARN_UNUSED_FUNCTION = YES;
				GCC_WARN_UNUSED_VARIABLE = YES;
				IPHONEOS_DEPLOYMENT_TARGET = 8.1;
				MTL_ENABLE_DEBUG_INFO = YES;
				ONLY_ACTIVE_ARCH = YES;
				SDKROOT = iphoneos;
			};
			name = Debug;
		};
		8F544ADF1AB040D700835A42 /* Release */ = {
			isa = XCBuildConfiguration;
			buildSettings = {
				ALWAYS_SEARCH_USER_PATHS = NO;
				CLANG_CXX_LANGUAGE_STANDARD = "gnu++0x";
				CLANG_CXX_LIBRARY = "libc++";
				CLANG_ENABLE_MODULES = YES;
				CLANG_ENABLE_OBJC_ARC = YES;
				CLANG_WARN_BOOL_CONVERSION = YES;
				CLANG_WARN_CONSTANT_CONVERSION = YES;
				CLANG_WARN_DIRECT_OBJC_ISA_USAGE = YES_ERROR;
				CLANG_WARN_EMPTY_BODY = YES;
				CLANG_WARN_ENUM_CONVERSION = YES;
				CLANG_WARN_INT_CONVERSION = YES;
				CLANG_WARN_OBJC_ROOT_CLASS = YES_ERROR;
				CLANG_WARN_UNREACHABLE_CODE = YES;
				CLANG_WARN__DUPLICATE_METHOD_MATCH = YES;
				"CODE_SIGN_IDENTITY[sdk=iphoneos*]" = "iPhone Developer";
				COPY_PHASE_STRIP = YES;
				ENABLE_NS_ASSERTIONS = NO;
				ENABLE_STRICT_OBJC_MSGSEND = YES;
				GCC_C_LANGUAGE_STANDARD = gnu99;
				GCC_WARN_64_TO_32_BIT_CONVERSION = YES;
				GCC_WARN_ABOUT_RETURN_TYPE = YES_ERROR;
				GCC_WARN_UNDECLARED_SELECTOR = YES;
				GCC_WARN_UNINITIALIZED_AUTOS = YES_AGGRESSIVE;
				GCC_WARN_UNUSED_FUNCTION = YES;
				GCC_WARN_UNUSED_VARIABLE = YES;
				IPHONEOS_DEPLOYMENT_TARGET = 8.1;
				MTL_ENABLE_DEBUG_INFO = NO;
				SDKROOT = iphoneos;
				VALIDATE_PRODUCT = YES;
			};
			name = Release;
		};
		8F544AE11AB040D700835A42 /* Debug */ = {
			isa = XCBuildConfiguration;
			buildSettings = {
				ASSETCATALOG_COMPILER_APPICON_NAME = AppIcon;
				FRAMEWORK_SEARCH_PATHS = (
					"$(inherited)",
					/Users/tron/Documents/FacebookSDK,
					"$(PROJECT_DIR)/petguard",
				);
				INFOPLIST_FILE = petguard/Info.plist;
				IPHONEOS_DEPLOYMENT_TARGET = 8.0;
				LD_RUNPATH_SEARCH_PATHS = "$(inherited) @executable_path/Frameworks";
				OTHER_LDFLAGS = "";
				PRODUCT_NAME = "$(TARGET_NAME)";
			};
			name = Debug;
		};
		8F544AE21AB040D700835A42 /* Release */ = {
			isa = XCBuildConfiguration;
			buildSettings = {
				ASSETCATALOG_COMPILER_APPICON_NAME = AppIcon;
				FRAMEWORK_SEARCH_PATHS = (
					"$(inherited)",
					/Users/tron/Documents/FacebookSDK,
					"$(PROJECT_DIR)/petguard",
				);
				INFOPLIST_FILE = petguard/Info.plist;
				IPHONEOS_DEPLOYMENT_TARGET = 8.0;
				LD_RUNPATH_SEARCH_PATHS = "$(inherited) @executable_path/Frameworks";
				OTHER_LDFLAGS = "";
				PRODUCT_NAME = "$(TARGET_NAME)";
			};
			name = Release;
		};
		8F544AE41AB040D700835A42 /* Debug */ = {
			isa = XCBuildConfiguration;
			buildSettings = {
				BUNDLE_LOADER = "$(TEST_HOST)";
				FRAMEWORK_SEARCH_PATHS = (
					"$(SDKROOT)/Developer/Library/Frameworks",
					"$(inherited)",
				);
				GCC_PREPROCESSOR_DEFINITIONS = (
					"DEBUG=1",
					"$(inherited)",
				);
				INFOPLIST_FILE = petguardTests/Info.plist;
				LD_RUNPATH_SEARCH_PATHS = "$(inherited) @executable_path/Frameworks @loader_path/Frameworks";
				PRODUCT_NAME = "$(TARGET_NAME)";
				TEST_HOST = "$(BUILT_PRODUCTS_DIR)/petguard.app/petguard";
			};
			name = Debug;
		};
		8F544AE51AB040D700835A42 /* Release */ = {
			isa = XCBuildConfiguration;
			buildSettings = {
				BUNDLE_LOADER = "$(TEST_HOST)";
				FRAMEWORK_SEARCH_PATHS = (
					"$(SDKROOT)/Developer/Library/Frameworks",
					"$(inherited)",
				);
				INFOPLIST_FILE = petguardTests/Info.plist;
				LD_RUNPATH_SEARCH_PATHS = "$(inherited) @executable_path/Frameworks @loader_path/Frameworks";
				PRODUCT_NAME = "$(TARGET_NAME)";
				TEST_HOST = "$(BUILT_PRODUCTS_DIR)/petguard.app/petguard";
			};
			name = Release;
		};
/* End XCBuildConfiguration section */

/* Begin XCConfigurationList section */
		8F544AB81AB040D700835A42 /* Build configuration list for PBXProject "petguard" */ = {
			isa = XCConfigurationList;
			buildConfigurations = (
				8F544ADE1AB040D700835A42 /* Debug */,
				8F544ADF1AB040D700835A42 /* Release */,
			);
			defaultConfigurationIsVisible = 0;
			defaultConfigurationName = Release;
		};
		8F544AE01AB040D700835A42 /* Build configuration list for PBXNativeTarget "petguard" */ = {
			isa = XCConfigurationList;
			buildConfigurations = (
				8F544AE11AB040D700835A42 /* Debug */,
				8F544AE21AB040D700835A42 /* Release */,
			);
			defaultConfigurationIsVisible = 0;
			defaultConfigurationName = Release;
		};
		8F544AE31AB040D700835A42 /* Build configuration list for PBXNativeTarget "petguardTests" */ = {
			isa = XCConfigurationList;
			buildConfigurations = (
				8F544AE41AB040D700835A42 /* Debug */,
				8F544AE51AB040D700835A42 /* Release */,
			);
			defaultConfigurationIsVisible = 0;
			defaultConfigurationName = Release;
		};
/* End XCConfigurationList section */
	};
	rootObject = 8F544AB51AB040D700835A42 /* Project object */;
}
